
Microsoft Visual Studio Solution File, Format Version 12.00
# Visual Studio Version 17
VisualStudioVersion = 17.0.31903.59
MinimumVisualStudioVersion = 10.0.40219.1
Project("{2150E333-8FDC-42A3-9474-1A3956D46DE8}") = "src", "src", "{827E0CD3-B72D-47B6-A68D-7590B98EB39B}"
EndProject
Project("{FAE04EC0-301F-11D3-BF4B-00C04F79EFBC}") = "Katan.Shared", "src\Katan.Shared\Katan.Shared.csproj", "{8AFADF55-D214-4C6C-97C0-753C1F237BAC}"
EndProject
Project("{FAE04EC0-301F-11D3-BF4B-00C04F79EFBC}") = "Katan.Server", "src\Katan.Server\Katan.Server.csproj", "{9D0F79F3-D7E0-4FD0-AC83-5FBB6C24FB3A}"
EndProject
Project("{FAE04EC0-301F-11D3-BF4B-00C04F79EFBC}") = "Katan.Client", "src\Katan.Client\Katan.Client.csproj", "{DD8BD8C3-2509-4591-8B52-1975D4EB1F06}"
EndProject
Project("{FAE04EC0-301F-11D3-BF4B-00C04F79EFBC}") = "Katan.Server.Tests", "tests\Katan.Server.Tests\Katan.Server.Tests.csproj", "{167B55CF-D621-4D3D-93F6-A92452C6AB18}"
EndProject
Global
	GlobalSection(SolutionConfigurationPlatforms) = preSolution
		Debug|Any CPU = Debug|Any CPU
		Debug|x64 = Debug|x64
		Debug|x86 = Debug|x86
		Release|Any CPU = Release|Any CPU
		Release|x64 = Release|x64
		Release|x86 = Release|x86
	EndGlobalSection
	GlobalSection(ProjectConfigurationPlatforms) = postSolution
		{8AFADF55-D214-4C6C-97C0-753C1F237BAC}.Debug|Any CPU.ActiveCfg = Debug|Any CPU
		{8AFADF55-D214-4C6C-97C0-753C1F237BAC}.Debug|Any CPU.Build.0 = Debug|Any CPU
		{8AFADF55-D214-4C6C-97C0-753C1F237BAC}.Debug|x64.ActiveCfg = Debug|Any CPU
		{8AFADF55-D214-4C6C-97C0-753C1F237BAC}.Debug|x64.Build.0 = Debug|Any CPU
		{8AFADF55-D214-4C6C-97C0-753C1F237BAC}.Debug|x86.ActiveCfg = Debug|Any CPU
		{8AFADF55-D214-4C6C-97C0-753C1F237BAC}.Debug|x86.Build.0 = Debug|Any CPU
		{8AFADF55-D214-4C6C-97C0-753C1F237BAC}.Release|Any CPU.ActiveCfg = Release|Any CPU
		{8AFADF55-D214-4C6C-97C0-753C1F237BAC}.Release|Any CPU.Build.0 = Release|Any CPU
		{8AFADF55-D214-4C6C-97C0-753C1F237BAC}.Release|x64.ActiveCfg = Release|Any CPU
		{8AFADF55-D214-4C6C-97C0-753C1F237BAC}.Release|x64.Build.0 = Release|Any CPU
		{8AFADF55-D214-4C6C-97C0-753C1F237BAC}.Release|x86.ActiveCfg = Release|Any CPU
		{8AFADF55-D214-4C6C-97C0-753C1F237BAC}.Release|x86.Build.0 = Release|Any CPU
		{9D0F79F3-D7E0-4FD0-AC83-5FBB6C24FB3A}.Debug|Any CPU.ActiveCfg = Debug|Any CPU
		{9D0F79F3-D7E0-4FD0-AC83-5FBB6C24FB3A}.Debug|Any CPU.Build.0 = Debug|Any CPU
		{9D0F79F3-D7E0-4FD0-AC83-5FBB6C24FB3A}.Debug|x64.ActiveCfg = Debug|Any CPU
		{9D0F79F3-D7E0-4FD0-AC83-5FBB6C24FB3A}.Debug|x64.Build.0 = Debug|Any CPU
		{9D0F79F3-D7E0-4FD0-AC83-5FBB6C24FB3A}.Debug|x86.ActiveCfg = Debug|Any CPU
		{9D0F79F3-D7E0-4FD0-AC83-5FBB6C24FB3A}.Debug|x86.Build.0 = Debug|Any CPU
		{9D0F79F3-D7E0-4FD0-AC83-5FBB6C24FB3A}.Release|Any CPU.ActiveCfg = Release|Any CPU
		{9D0F79F3-D7E0-4FD0-AC83-5FBB6C24FB3A}.Release|Any CPU.Build.0 = Release|Any CPU
		{9D0F79F3-D7E0-4FD0-AC83-5FBB6C24FB3A}.Release|x64.ActiveCfg = Release|Any CPU
		{9D0F79F3-D7E0-4FD0-AC83-5FBB6C24FB3A}.Release|x64.Build.0 = Release|Any CPU
		{9D0F79F3-D7E0-4FD0-AC83-5FBB6C24FB3A}.Release|x86.ActiveCfg = Release|Any CPU
		{9D0F79F3-D7E0-4FD0-AC83-5FBB6C24FB3A}.Release|x86.Build.0 = Release|Any CPU
		{DD8BD8C3-2509-4591-8B52-1975D4EB1F06}.Debug|Any CPU.ActiveCfg = Debug|Any CPU
		{DD8BD8C3-2509-4591-8B52-1975D4EB1F06}.Debug|Any CPU.Build.0 = Debug|Any CPU
		{DD8BD8C3-2509-4591-8B52-1975D4EB1F06}.Debug|x64.ActiveCfg = Debug|Any CPU
		{DD8BD8C3-2509-4591-8B52-1975D4EB1F06}.Debug|x64.Build.0 = Debug|Any CPU
		{DD8BD8C3-2509-4591-8B52-1975D4EB1F06}.Debug|x86.ActiveCfg = Debug|Any CPU
		{DD8BD8C3-2509-4591-8B52-1975D4EB1F06}.Debug|x86.Build.0 = Debug|Any CPU
		{DD8BD8C3-2509-4591-8B52-1975D4EB1F06}.Release|Any CPU.ActiveCfg = Release|Any CPU
		{DD8BD8C3-2509-4591-8B52-1975D4EB1F06}.Release|Any CPU.Build.0 = Release|Any CPU
		{DD8BD8C3-2509-4591-8B52-1975D4EB1F06}.Release|x64.ActiveCfg = Release|Any CPU
		{DD8BD8C3-2509-4591-8B52-1975D4EB1F06}.Release|x64.Build.0 = Release|Any CPU
		{DD8BD8C3-2509-4591-8B52-1975D4EB1F06}.Release|x86.ActiveCfg = Release|Any CPU
		{DD8BD8C3-2509-4591-8B52-1975D4EB1F06}.Release|x86.Build.0 = Release|Any CPU
		{167B55CF-D621-4D3D-93F6-A92452C6AB18}.Debug|Any CPU.ActiveCfg = Debug|Any CPU
		{167B55CF-D621-4D3D-93F6-A92452C6AB18}.Debug|Any CPU.Build.0 = Debug|Any CPU
		{167B55CF-D621-4D3D-93F6-A92452C6AB18}.Debug|x64.ActiveCfg = Debug|Any CPU
		{167B55CF-D621-4D3D-93F6-A92452C6AB18}.Debug|x64.Build.0 = Debug|Any CPU
		{167B55CF-D621-4D3D-93F6-A92452C6AB18}.Debug|x86.ActiveCfg = Debug|Any CPU
		{167B55CF-D621-4D3D-93F6-A92452C6AB18}.Debug|x86.Build.0 = Debug|Any CPU
		{167B55CF-D621-4D3D-93F6-A92452C6AB18}.Release|Any CPU.ActiveCfg = Release|Any CPU
		{167B55CF-D621-4D3D-93F6-A92452C6AB18}.Release|Any CPU.Build.0 = Release|Any CPU
		{167B55CF-D621-4D3D-93F6-A92452C6AB18}.Release|x64.ActiveCfg = Release|Any CPU
		{167B55CF-D621-4D3D-93F6-A92452C6AB18}.Release|x64.Build.0 = Release|Any CPU
		{167B55CF-D621-4D3D-93F6-A92452C6AB18}.Release|x86.ActiveCfg = Release|Any CPU
		{167B55CF-D621-4D3D-93F6-A92452C6AB18}.Release|x86.Build.0 = Release|Any CPU
	EndGlobalSection
	GlobalSection(SolutionProperties) = preSolution
		HideSolutionNode = FALSE
	EndGlobalSection
	GlobalSection(NestedProjects) = preSolution
		{8AFADF55-D214-4C6C-97C0-753C1F237BAC} = {827E0CD3-B72D-47B6-A68D-7590B98EB39B}
		{9D0F79F3-D7E0-4FD0-AC83-5FBB6C24FB3A} = {827E0CD3-B72D-47B6-A68D-7590B98EB39B}
		{DD8BD8C3-2509-4591-8B52-1975D4EB1F06} = {827E0CD3-B72D-47B6-A68D-7590B98EB39B}
		{167B55CF-D621-4D3D-93F6-A92452C6AB18} = {827E0CD3-B72D-47B6-A68D-7590B98EB39B}
	EndGlobalSection
EndGlobal
